
Microsoft Visual Studio Solution File, Format Version 12.00
# Visual Studio 2013
VisualStudioVersion = 12.0.30723.0
MinimumVisualStudioVersion = 10.0.40219.1
Project("{FAE04EC0-301F-11D3-BF4B-00C04F79EFBC}") = "Sample.MSMQ.MessageHeader.Core", "Sample.MSMQ.MessageHeader.Core\Sample.MSMQ.MessageHeader.Core.csproj", "{BCB1AA21-5287-4437-B31D-6C1C9056C87F}"
EndProject
Project("{FAE04EC0-301F-11D3-BF4B-00C04F79EFBC}") = "Sample.MSMQ.MessageHeader.Client", "Sample.MSMQ.MessageHeader.Client\Sample.MSMQ.MessageHeader.Client.csproj", "{71CF4BA8-9286-4889-A2B1-84702EF18E5D}"
EndProject
Project("{FAE04EC0-301F-11D3-BF4B-00C04F79EFBC}") = "Sample.MSMQ.MessageHeader.Server", "Sample.MSMQ.MessageHeader.Server\Sample.MSMQ.MessageHeader.Server.csproj", "{A382E42A-E605-4396-AD19-E30EB4325A96}"
EndProject
Global
	GlobalSection(TeamFoundationVersionControl) = preSolution
		SccNumberOfProjects = 4
		SccEnterpriseProvider = {4CA58AB2-18FA-4F8D-95D4-32DDF27D184C}
		SccTeamFoundationServer = https://tfs.codeplex.com/tfs/tfs15
		SccLocalPath0 = .
		SccProjectUniqueName1 = Sample.MSMQ.MessageHeader.Client\\Sample.MSMQ.MessageHeader.Client.csproj
		SccProjectName1 = Sample.MSMQ.MessageHeader.Client
		SccLocalPath1 = Sample.MSMQ.MessageHeader.Client
		SccProjectUniqueName2 = Sample.MSMQ.MessageHeader.Core\\Sample.MSMQ.MessageHeader.Core.csproj
		SccProjectName2 = Sample.MSMQ.MessageHeader.Core
		SccLocalPath2 = Sample.MSMQ.MessageHeader.Core
		SccProjectUniqueName3 = Sample.MSMQ.MessageHeader.Server\\Sample.MSMQ.MessageHeader.Server.csproj
		SccProjectName3 = Sample.MSMQ.MessageHeader.Server
		SccLocalPath3 = Sample.MSMQ.MessageHeader.Server
	EndGlobalSection
	GlobalSection(SolutionConfigurationPlatforms) = preSolution
		Debug|Any CPU = Debug|Any CPU
		Release|Any CPU = Release|Any CPU
	EndGlobalSection
	GlobalSection(ProjectConfigurationPlatforms) = postSolution
		{BCB1AA21-5287-4437-B31D-6C1C9056C87F}.Debug|Any CPU.ActiveCfg = Debug|Any CPU
		{BCB1AA21-5287-4437-B31D-6C1C9056C87F}.Debug|Any CPU.Build.0 = Debug|Any CPU
		{BCB1AA21-5287-4437-B31D-6C1C9056C87F}.Release|Any CPU.ActiveCfg = Release|Any CPU
		{BCB1AA21-5287-4437-B31D-6C1C9056C87F}.Release|Any CPU.Build.0 = Release|Any CPU
		{71CF4BA8-9286-4889-A2B1-84702EF18E5D}.Debug|Any CPU.ActiveCfg = Debug|Any CPU
		{71CF4BA8-9286-4889-A2B1-84702EF18E5D}.Debug|Any CPU.Build.0 = Debug|Any CPU
		{71CF4BA8-9286-4889-A2B1-84702EF18E5D}.Release|Any CPU.ActiveCfg = Release|Any CPU
		{71CF4BA8-9286-4889-A2B1-84702EF18E5D}.Release|Any CPU.Build.0 = Release|Any CPU
		{A382E42A-E605-4396-AD19-E30EB4325A96}.Debug|Any CPU.ActiveCfg = Debug|Any CPU
		{A382E42A-E605-4396-AD19-E30EB4325A96}.Debug|Any CPU.Build.0 = Debug|Any CPU
		{A382E42A-E605-4396-AD19-E30EB4325A96}.Release|Any CPU.ActiveCfg = Release|Any CPU
		{A382E42A-E605-4396-AD19-E30EB4325A96}.Release|Any CPU.Build.0 = Release|Any CPU
	EndGlobalSection
	GlobalSection(SolutionProperties) = preSolution
		HideSolutionNode = FALSE
	EndGlobalSection
EndGlobal
