
Microsoft Visual Studio Solution File, Format Version 12.00
# Visual Studio 2013
VisualStudioVersion = 12.0.31101.0
MinimumVisualStudioVersion = 10.0.40219.1
Project("{FAE04EC0-301F-11D3-BF4B-00C04F79EFBC}") = "Simple.ObjectDataSourceBinding", "Simple.ObjectDataSourceBinding\Simple.ObjectDataSourceBinding.csproj", "{5BB936B3-0ECD-4880-A82F-AE3D6DBADD6E}"
EndProject
Global
	GlobalSection(TeamFoundationVersionControl) = preSolution
		SccNumberOfProjects = 2
		SccEnterpriseProvider = {4CA58AB2-18FA-4F8D-95D4-32DDF27D184C}
		SccTeamFoundationServer = https://tfs.codeplex.com/tfs/tfs15
		SccLocalPath0 = .
		SccProjectUniqueName1 = Simple.ObjectDataSourceBinding\\Simple.ObjectDataSourceBinding.csproj
		SccProjectName1 = Simple.ObjectDataSourceBinding
		SccLocalPath1 = Simple.ObjectDataSourceBinding
	EndGlobalSection
	GlobalSection(SolutionConfigurationPlatforms) = preSolution
		Debug|Any CPU = Debug|Any CPU
		Release|Any CPU = Release|Any CPU
	EndGlobalSection
	GlobalSection(ProjectConfigurationPlatforms) = postSolution
		{5BB936B3-0ECD-4880-A82F-AE3D6DBADD6E}.Debug|Any CPU.ActiveCfg = Debug|Any CPU
		{5BB936B3-0ECD-4880-A82F-AE3D6DBADD6E}.Debug|Any CPU.Build.0 = Debug|Any CPU
		{5BB936B3-0ECD-4880-A82F-AE3D6DBADD6E}.Release|Any CPU.ActiveCfg = Release|Any CPU
		{5BB936B3-0ECD-4880-A82F-AE3D6DBADD6E}.Release|Any CPU.Build.0 = Release|Any CPU
	EndGlobalSection
	GlobalSection(SolutionProperties) = preSolution
		HideSolutionNode = FALSE
	EndGlobalSection
EndGlobal
