
Microsoft Visual Studio Solution File, Format Version 12.00
# Visual Studio 2013
VisualStudioVersion = 12.0.31101.0
MinimumVisualStudioVersion = 10.0.40219.1
Project("{FAE04EC0-301F-11D3-BF4B-00C04F79EFBC}") = "Simple.AutoMapViewModel", "Simple.AutoMapViewModel\Simple.AutoMapViewModel.csproj", "{C8BE7F9C-C602-4821-8D18-9AD653A4C9E3}"
EndProject
Project("{FAE04EC0-301F-11D3-BF4B-00C04F79EFBC}") = "UnitTestProject1", "UnitTestProject1\UnitTestProject1.csproj", "{7AF7CDD4-FB0E-4B36-9A25-A7E5B7BAD370}"
EndProject
Global
	GlobalSection(TeamFoundationVersionControl) = preSolution
		SccNumberOfProjects = 3
		SccEnterpriseProvider = {4CA58AB2-18FA-4F8D-95D4-32DDF27D184C}
		SccTeamFoundationServer = https://tfs.codeplex.com/tfs/tfs15
		SccLocalPath0 = .
		SccProjectUniqueName1 = Simple.AutoMapViewModel\\Simple.AutoMapViewModel.csproj
		SccProjectName1 = Simple.AutoMapViewModel
		SccLocalPath1 = Simple.AutoMapViewModel
		SccProjectUniqueName2 = UnitTestProject1\\UnitTestProject1.csproj
		SccProjectName2 = UnitTestProject1
		SccLocalPath2 = UnitTestProject1
	EndGlobalSection
	GlobalSection(SolutionConfigurationPlatforms) = preSolution
		Debug|Any CPU = Debug|Any CPU
		Release|Any CPU = Release|Any CPU
	EndGlobalSection
	GlobalSection(ProjectConfigurationPlatforms) = postSolution
		{C8BE7F9C-C602-4821-8D18-9AD653A4C9E3}.Debug|Any CPU.ActiveCfg = Debug|Any CPU
		{C8BE7F9C-C602-4821-8D18-9AD653A4C9E3}.Debug|Any CPU.Build.0 = Debug|Any CPU
		{C8BE7F9C-C602-4821-8D18-9AD653A4C9E3}.Release|Any CPU.ActiveCfg = Release|Any CPU
		{C8BE7F9C-C602-4821-8D18-9AD653A4C9E3}.Release|Any CPU.Build.0 = Release|Any CPU
		{7AF7CDD4-FB0E-4B36-9A25-A7E5B7BAD370}.Debug|Any CPU.ActiveCfg = Debug|Any CPU
		{7AF7CDD4-FB0E-4B36-9A25-A7E5B7BAD370}.Debug|Any CPU.Build.0 = Debug|Any CPU
		{7AF7CDD4-FB0E-4B36-9A25-A7E5B7BAD370}.Release|Any CPU.ActiveCfg = Release|Any CPU
		{7AF7CDD4-FB0E-4B36-9A25-A7E5B7BAD370}.Release|Any CPU.Build.0 = Release|Any CPU
	EndGlobalSection
	GlobalSection(SolutionProperties) = preSolution
		HideSolutionNode = FALSE
	EndGlobalSection
EndGlobal
