
Microsoft Visual Studio Solution File, Format Version 12.00
# Visual Studio 2013
VisualStudioVersion = 12.0.31101.0
MinimumVisualStudioVersion = 10.0.40219.1
Project("{2150E333-8FDC-42A3-9474-1A3956D46DE8}") = ".nuget", ".nuget", "{90AFF9FD-9C99-4519-9309-34822F9EB325}"
	ProjectSection(SolutionItems) = preProject
		.nuget\NuGet.Config = .nuget\NuGet.Config
		.nuget\NuGet.exe = .nuget\NuGet.exe
		.nuget\NuGet.targets = .nuget\NuGet.targets
	EndProjectSection
EndProject
Project("{FAE04EC0-301F-11D3-BF4B-00C04F79EFBC}") = "Simple.ORM.BatchUpdate", "Simple.ORM.BatchUpdate\Simple.ORM.BatchUpdate.csproj", "{A3166B4F-53ED-4DB1-A63B-43278478E859}"
EndProject
Global
	GlobalSection(TeamFoundationVersionControl) = preSolution
		SccNumberOfProjects = 2
		SccEnterpriseProvider = {4CA58AB2-18FA-4F8D-95D4-32DDF27D184C}
		SccTeamFoundationServer = https://tfs.codeplex.com/tfs/tfs15
		SccLocalPath0 = .
		SccProjectUniqueName1 = Simple.ORM.BatchUpdate\\Simple.ORM.BatchUpdate.csproj
		SccProjectName1 = Simple.ORM.BatchUpdate
		SccLocalPath1 = Simple.ORM.BatchUpdate
	EndGlobalSection
	GlobalSection(SolutionConfigurationPlatforms) = preSolution
		Debug|Any CPU = Debug|Any CPU
		Release|Any CPU = Release|Any CPU
	EndGlobalSection
	GlobalSection(ProjectConfigurationPlatforms) = postSolution
		{A3166B4F-53ED-4DB1-A63B-43278478E859}.Debug|Any CPU.ActiveCfg = Debug|Any CPU
		{A3166B4F-53ED-4DB1-A63B-43278478E859}.Debug|Any CPU.Build.0 = Debug|Any CPU
		{A3166B4F-53ED-4DB1-A63B-43278478E859}.Release|Any CPU.ActiveCfg = Release|Any CPU
		{A3166B4F-53ED-4DB1-A63B-43278478E859}.Release|Any CPU.Build.0 = Release|Any CPU
	EndGlobalSection
	GlobalSection(SolutionProperties) = preSolution
		HideSolutionNode = FALSE
	EndGlobalSection
EndGlobal
