
Microsoft Visual Studio Solution File, Format Version 12.00
# Visual Studio 14
VisualStudioVersion = 14.0.24720.0
MinimumVisualStudioVersion = 10.0.40219.1
Project("{FAE04EC0-301F-11D3-BF4B-00C04F79EFBC}") = "WebApplication1", "WebApplication1\WebApplication1.csproj", "{C67E662A-E964-47F4-BDF0-B44895CD2DFE}"
EndProject
Project("{FAE04EC0-301F-11D3-BF4B-00C04F79EFBC}") = "UnitTestProject1", "UnitTestProject1\UnitTestProject1.csproj", "{C8B1D560-BC0F-45DD-BA76-206D9DF23424}"
EndProject
Project("{FAE04EC0-301F-11D3-BF4B-00C04F79EFBC}") = "Simple.Mock", "Simple.Mock\Simple.Mock.csproj", "{82049B99-5195-48CC-84D0-CE3114556636}"
EndProject
Global
	GlobalSection(SolutionConfigurationPlatforms) = preSolution
		Debug|Any CPU = Debug|Any CPU
		Release|Any CPU = Release|Any CPU
	EndGlobalSection
	GlobalSection(ProjectConfigurationPlatforms) = postSolution
		{C67E662A-E964-47F4-BDF0-B44895CD2DFE}.Debug|Any CPU.ActiveCfg = Debug|Any CPU
		{C67E662A-E964-47F4-BDF0-B44895CD2DFE}.Debug|Any CPU.Build.0 = Debug|Any CPU
		{C67E662A-E964-47F4-BDF0-B44895CD2DFE}.Release|Any CPU.ActiveCfg = Release|Any CPU
		{C67E662A-E964-47F4-BDF0-B44895CD2DFE}.Release|Any CPU.Build.0 = Release|Any CPU
		{C8B1D560-BC0F-45DD-BA76-206D9DF23424}.Debug|Any CPU.ActiveCfg = Debug|Any CPU
		{C8B1D560-BC0F-45DD-BA76-206D9DF23424}.Debug|Any CPU.Build.0 = Debug|Any CPU
		{C8B1D560-BC0F-45DD-BA76-206D9DF23424}.Release|Any CPU.ActiveCfg = Release|Any CPU
		{C8B1D560-BC0F-45DD-BA76-206D9DF23424}.Release|Any CPU.Build.0 = Release|Any CPU
		{82049B99-5195-48CC-84D0-CE3114556636}.Debug|Any CPU.ActiveCfg = Debug|Any CPU
		{82049B99-5195-48CC-84D0-CE3114556636}.Debug|Any CPU.Build.0 = Debug|Any CPU
		{82049B99-5195-48CC-84D0-CE3114556636}.Release|Any CPU.ActiveCfg = Release|Any CPU
		{82049B99-5195-48CC-84D0-CE3114556636}.Release|Any CPU.Build.0 = Release|Any CPU
	EndGlobalSection
	GlobalSection(SolutionProperties) = preSolution
		HideSolutionNode = FALSE
	EndGlobalSection
	GlobalSection(TeamFoundationVersionControl) = preSolution
		SccNumberOfProjects = 4
		SccEnterpriseProvider = {4CA58AB2-18FA-4F8D-95D4-32DDF27D184C}
		SccTeamFoundationServer = https://tfs.codeplex.com/tfs/tfs15
		SccLocalPath0 = .
		SccProjectUniqueName1 = WebApplication1\\WebApplication1.csproj
		SccProjectName1 = WebApplication1
		SccLocalPath1 = WebApplication1
		SccProjectUniqueName2 = UnitTestProject1\\UnitTestProject1.csproj
		SccProjectName2 = UnitTestProject1
		SccLocalPath2 = UnitTestProject1
		SccProjectUniqueName3 = Simple.Mock\\Simple.Mock.csproj
		SccProjectName3 = Simple.Mock
		SccLocalPath3 = Simple.Mock
	EndGlobalSection
EndGlobal
